
Microsoft Visual Studio Solution File, Format Version 12.00
# Visual Studio Version 17
VisualStudioVersion = 17.4.33122.133
MinimumVisualStudioVersion = 10.0.40219.1
Project("{FAE04EC0-301F-11D3-BF4B-00C04F79EFBC}") = "Laba5_1", "Laba5_1\Laba5_1.csproj", "{07C37AEC-22C0-460C-B425-46EEE1E59B23}"
EndProject
Global
	GlobalSection(SolutionConfigurationPlatforms) = preSolution
		Debug|Any CPU = Debug|Any CPU
		Release|Any CPU = Release|Any CPU
	EndGlobalSection
	GlobalSection(ProjectConfigurationPlatforms) = postSolution
		{07C37AEC-22C0-460C-B425-46EEE1E59B23}.Debug|Any CPU.ActiveCfg = Debug|Any CPU
		{07C37AEC-22C0-460C-B425-46EEE1E59B23}.Debug|Any CPU.Build.0 = Debug|Any CPU
		{07C37AEC-22C0-460C-B425-46EEE1E59B23}.Release|Any CPU.ActiveCfg = Release|Any CPU
		{07C37AEC-22C0-460C-B425-46EEE1E59B23}.Release|Any CPU.Build.0 = Release|Any CPU
	EndGlobalSection
	GlobalSection(SolutionProperties) = preSolution
		HideSolutionNode = FALSE
	EndGlobalSection
	GlobalSection(ExtensibilityGlobals) = postSolution
		SolutionGuid = {A1BF027D-D525-40E6-B008-6EAB5EC1E234}
	EndGlobalSection
EndGlobal
